
Microsoft Visual Studio Solution File, Format Version 12.00
# Visual Studio 2013
VisualStudioVersion = 12.0.31101.0
MinimumVisualStudioVersion = 10.0.40219.1
Project("{FAE04EC0-301F-11D3-BF4B-00C04F79EFBC}") = "Magine.ProgramInformationSample.Core", "Magine.ProgramInformationSample.Core\Magine.ProgramInformationSample.Core.csproj", "{B39424AF-72BC-4B2A-8543-2E4952120EAA}"
EndProject
Project("{FAE04EC0-301F-11D3-BF4B-00C04F79EFBC}") = "Magine.ProgramInformationSample.Core.Tests", "Magine.ProgramInformationSample.Core.Tests\Magine.ProgramInformationSample.Core.Tests.csproj", "{6D115F16-0A55-4774-9E7B-B383180F0A14}"
EndProject
Global
	GlobalSection(SolutionConfigurationPlatforms) = preSolution
		Debug|Any CPU = Debug|Any CPU
		Release|Any CPU = Release|Any CPU
	EndGlobalSection
	GlobalSection(ProjectConfigurationPlatforms) = postSolution
		{B39424AF-72BC-4B2A-8543-2E4952120EAA}.Debug|Any CPU.ActiveCfg = Debug|Any CPU
		{B39424AF-72BC-4B2A-8543-2E4952120EAA}.Debug|Any CPU.Build.0 = Debug|Any CPU
		{B39424AF-72BC-4B2A-8543-2E4952120EAA}.Release|Any CPU.ActiveCfg = Release|Any CPU
		{B39424AF-72BC-4B2A-8543-2E4952120EAA}.Release|Any CPU.Build.0 = Release|Any CPU
		{6D115F16-0A55-4774-9E7B-B383180F0A14}.Debug|Any CPU.ActiveCfg = Debug|Any CPU
		{6D115F16-0A55-4774-9E7B-B383180F0A14}.Debug|Any CPU.Build.0 = Debug|Any CPU
		{6D115F16-0A55-4774-9E7B-B383180F0A14}.Release|Any CPU.ActiveCfg = Release|Any CPU
		{6D115F16-0A55-4774-9E7B-B383180F0A14}.Release|Any CPU.Build.0 = Release|Any CPU
	EndGlobalSection
	GlobalSection(SolutionProperties) = preSolution
		HideSolutionNode = FALSE
	EndGlobalSection
EndGlobal
